
Microsoft Visual Studio Solution File, Format Version 12.00
# Visual Studio 15
Project("{FAE04EC0-301F-11D3-BF4B-00C04F79EFBC}") = "Unity.ResourceManager", "Unity.ResourceManager.csproj", "{47A0344C-B737-B274-CB00-0DB88F4C0612}"
EndProject
Project("{FAE04EC0-301F-11D3-BF4B-00C04F79EFBC}") = "Unity.Addressables", "Unity.Addressables.csproj", "{69F0E5AC-6B73-6B12-051A-2D41AD3FA8A4}"
EndProject
Project("{FAE04EC0-301F-11D3-BF4B-00C04F79EFBC}") = "Unity.ScriptableBuildPipeline", "Unity.ScriptableBuildPipeline.csproj", "{0B78141E-5155-8A05-D939-021CFAB7708E}"
EndProject
Project("{FAE04EC0-301F-11D3-BF4B-00C04F79EFBC}") = "Assembly-CSharp", "Assembly-CSharp.csproj", "{E03A2BDD-B92B-0A1A-BD7F-E924F2EA6DC2}"
EndProject
Project("{FAE04EC0-301F-11D3-BF4B-00C04F79EFBC}") = "Unity.Addressables.Editor", "Unity.Addressables.Editor.csproj", "{4A2E0739-694D-F1AE-E81E-EC0777CDAF2D}"
EndProject
Project("{FAE04EC0-301F-11D3-BF4B-00C04F79EFBC}") = "Unity.ScriptableBuildPipeline.Editor", "Unity.ScriptableBuildPipeline.Editor.csproj", "{8BB9F7BC-589F-D7BC-398F-7F1D5EEFA04A}"
EndProject
Project("{FAE04EC0-301F-11D3-BF4B-00C04F79EFBC}") = "UnityEditor.CacheServer", "UnityEditor.CacheServer.csproj", "{A8DDA8C8-F4BF-0E6B-336C-C73F5747A37A}"
EndProject
Project("{FAE04EC0-301F-11D3-BF4B-00C04F79EFBC}") = "Unity.ResourceManager", "Unity.ResourceManager.Player.csproj", "{3BA9F079-D5D7-CDC7-E560-1C9F04427D1A}"
EndProject
Project("{FAE04EC0-301F-11D3-BF4B-00C04F79EFBC}") = "Unity.Addressables", "Unity.Addressables.Player.csproj", "{49E07D8C-1AEF-4A27-BCD0-DF1173C4F2B3}"
EndProject
Project("{FAE04EC0-301F-11D3-BF4B-00C04F79EFBC}") = "Unity.ScriptableBuildPipeline", "Unity.ScriptableBuildPipeline.Player.csproj", "{D579D184-4AF4-B645-C6A9-CEB9C5BB2232}"
EndProject
Project("{FAE04EC0-301F-11D3-BF4B-00C04F79EFBC}") = "Assembly-CSharp", "Assembly-CSharp.Player.csproj", "{6C3B35D2-2ACA-30EB-BF67-AE0D19FFC8DC}"
EndProject
Global
	GlobalSection(SolutionConfigurationPlatforms) = preSolution
		Debug|Any CPU = Debug|Any CPU
		Release|Any CPU = Release|Any CPU
	EndGlobalSection
	GlobalSection(ProjectConfigurationPlatforms) = postSolution
		{47A0344C-B737-B274-CB00-0DB88F4C0612}.Debug|Any CPU.ActiveCfg = Debug|Any CPU
		{47A0344C-B737-B274-CB00-0DB88F4C0612}.Debug|Any CPU.Build.0 = Debug|Any CPU
		{47A0344C-B737-B274-CB00-0DB88F4C0612}.Release|Any CPU.ActiveCfg = Release|Any CPU
		{47A0344C-B737-B274-CB00-0DB88F4C0612}.Release|Any CPU.Build.0 = Release|Any CPU
		{69F0E5AC-6B73-6B12-051A-2D41AD3FA8A4}.Debug|Any CPU.ActiveCfg = Debug|Any CPU
		{69F0E5AC-6B73-6B12-051A-2D41AD3FA8A4}.Debug|Any CPU.Build.0 = Debug|Any CPU
		{69F0E5AC-6B73-6B12-051A-2D41AD3FA8A4}.Release|Any CPU.ActiveCfg = Release|Any CPU
		{69F0E5AC-6B73-6B12-051A-2D41AD3FA8A4}.Release|Any CPU.Build.0 = Release|Any CPU
		{0B78141E-5155-8A05-D939-021CFAB7708E}.Debug|Any CPU.ActiveCfg = Debug|Any CPU
		{0B78141E-5155-8A05-D939-021CFAB7708E}.Debug|Any CPU.Build.0 = Debug|Any CPU
		{0B78141E-5155-8A05-D939-021CFAB7708E}.Release|Any CPU.ActiveCfg = Release|Any CPU
		{0B78141E-5155-8A05-D939-021CFAB7708E}.Release|Any CPU.Build.0 = Release|Any CPU
		{E03A2BDD-B92B-0A1A-BD7F-E924F2EA6DC2}.Debug|Any CPU.ActiveCfg = Debug|Any CPU
		{E03A2BDD-B92B-0A1A-BD7F-E924F2EA6DC2}.Debug|Any CPU.Build.0 = Debug|Any CPU
		{E03A2BDD-B92B-0A1A-BD7F-E924F2EA6DC2}.Release|Any CPU.ActiveCfg = Release|Any CPU
		{E03A2BDD-B92B-0A1A-BD7F-E924F2EA6DC2}.Release|Any CPU.Build.0 = Release|Any CPU
		{4A2E0739-694D-F1AE-E81E-EC0777CDAF2D}.Debug|Any CPU.ActiveCfg = Debug|Any CPU
		{4A2E0739-694D-F1AE-E81E-EC0777CDAF2D}.Debug|Any CPU.Build.0 = Debug|Any CPU
		{4A2E0739-694D-F1AE-E81E-EC0777CDAF2D}.Release|Any CPU.ActiveCfg = Release|Any CPU
		{4A2E0739-694D-F1AE-E81E-EC0777CDAF2D}.Release|Any CPU.Build.0 = Release|Any CPU
		{8BB9F7BC-589F-D7BC-398F-7F1D5EEFA04A}.Debug|Any CPU.ActiveCfg = Debug|Any CPU
		{8BB9F7BC-589F-D7BC-398F-7F1D5EEFA04A}.Debug|Any CPU.Build.0 = Debug|Any CPU
		{8BB9F7BC-589F-D7BC-398F-7F1D5EEFA04A}.Release|Any CPU.ActiveCfg = Release|Any CPU
		{8BB9F7BC-589F-D7BC-398F-7F1D5EEFA04A}.Release|Any CPU.Build.0 = Release|Any CPU
		{A8DDA8C8-F4BF-0E6B-336C-C73F5747A37A}.Debug|Any CPU.ActiveCfg = Debug|Any CPU
		{A8DDA8C8-F4BF-0E6B-336C-C73F5747A37A}.Debug|Any CPU.Build.0 = Debug|Any CPU
		{A8DDA8C8-F4BF-0E6B-336C-C73F5747A37A}.Release|Any CPU.ActiveCfg = Release|Any CPU
		{A8DDA8C8-F4BF-0E6B-336C-C73F5747A37A}.Release|Any CPU.Build.0 = Release|Any CPU
		{3BA9F079-D5D7-CDC7-E560-1C9F04427D1A}.Debug|Any CPU.ActiveCfg = Debug|Any CPU
		{3BA9F079-D5D7-CDC7-E560-1C9F04427D1A}.Debug|Any CPU.Build.0 = Debug|Any CPU
		{3BA9F079-D5D7-CDC7-E560-1C9F04427D1A}.Release|Any CPU.ActiveCfg = Release|Any CPU
		{3BA9F079-D5D7-CDC7-E560-1C9F04427D1A}.Release|Any CPU.Build.0 = Release|Any CPU
		{49E07D8C-1AEF-4A27-BCD0-DF1173C4F2B3}.Debug|Any CPU.ActiveCfg = Debug|Any CPU
		{49E07D8C-1AEF-4A27-BCD0-DF1173C4F2B3}.Debug|Any CPU.Build.0 = Debug|Any CPU
		{49E07D8C-1AEF-4A27-BCD0-DF1173C4F2B3}.Release|Any CPU.ActiveCfg = Release|Any CPU
		{49E07D8C-1AEF-4A27-BCD0-DF1173C4F2B3}.Release|Any CPU.Build.0 = Release|Any CPU
		{D579D184-4AF4-B645-C6A9-CEB9C5BB2232}.Debug|Any CPU.ActiveCfg = Debug|Any CPU
		{D579D184-4AF4-B645-C6A9-CEB9C5BB2232}.Debug|Any CPU.Build.0 = Debug|Any CPU
		{D579D184-4AF4-B645-C6A9-CEB9C5BB2232}.Release|Any CPU.ActiveCfg = Release|Any CPU
		{D579D184-4AF4-B645-C6A9-CEB9C5BB2232}.Release|Any CPU.Build.0 = Release|Any CPU
		{6C3B35D2-2ACA-30EB-BF67-AE0D19FFC8DC}.Debug|Any CPU.ActiveCfg = Debug|Any CPU
		{6C3B35D2-2ACA-30EB-BF67-AE0D19FFC8DC}.Debug|Any CPU.Build.0 = Debug|Any CPU
		{6C3B35D2-2ACA-30EB-BF67-AE0D19FFC8DC}.Release|Any CPU.ActiveCfg = Release|Any CPU
		{6C3B35D2-2ACA-30EB-BF67-AE0D19FFC8DC}.Release|Any CPU.Build.0 = Release|Any CPU
	EndGlobalSection
	GlobalSection(SolutionProperties) = preSolution
		HideSolutionNode = FALSE
	EndGlobalSection
EndGlobal
